
Microsoft Visual Studio Solution File, Format Version 12.00
# Visual Studio 2015
Project("{FAE04EC0-301F-11D3-BF4B-00C04F79EFBC}") = "Hue Man 2.CSharp", "Hue Man 2.CSharp.csproj", "{F323C777-AF9C-8140-80E5-E0C3C3F2CAAA}"
EndProject
Global
	GlobalSection(SolutionConfigurationPlatforms) = preSolution
		Debug|Any CPU = Debug|Any CPU
		Release|Any CPU = Release|Any CPU
	EndGlobalSection
	GlobalSection(ProjectConfigurationPlatforms) = postSolution
		{F323C777-AF9C-8140-80E5-E0C3C3F2CAAA}.Debug|Any CPU.ActiveCfg = Debug|Any CPU
		{F323C777-AF9C-8140-80E5-E0C3C3F2CAAA}.Debug|Any CPU.Build.0 = Debug|Any CPU
		{F323C777-AF9C-8140-80E5-E0C3C3F2CAAA}.Release|Any CPU.ActiveCfg = Release|Any CPU
		{F323C777-AF9C-8140-80E5-E0C3C3F2CAAA}.Release|Any CPU.Build.0 = Release|Any CPU
	EndGlobalSection
	GlobalSection(SolutionProperties) = preSolution
		HideSolutionNode = FALSE
	EndGlobalSection
EndGlobal
